[0m[1mdata.aws_caller_identity.current: Reading...[0m[0m
[0m[1mdata.aws_ecr_authorization_token.token: Reading...[0m[0m
[0m[1mmodule.ecr.aws_ecr_repository.ecr_repo: Refreshing state... [id=darey-ecr][0m
[0m[1mdata.aws_caller_identity.current: Read complete after 0s [id=239783743771][0m
[0m[1mdata.aws_ecr_authorization_token.token: Read complete after 0s [id=us-east-1][0m
[0m[1mmodule.ecr.aws_ecr_lifecycle_policy.my_policy: Refreshing state... [id=darey-ecr][0m

Terraform used the selected providers to generate the following execution
plan. Resource actions are indicated with the following symbols:
  [32m+[0m create[0m

Terraform will perform the following actions:

[1m  # module.ecr.docker_image.image[0m will be created
[0m  [32m+[0m[0m resource "docker_image" "image" {
      [32m+[0m[0m id          = (known after apply)
      [32m+[0m[0m image_id    = (known after apply)
      [32m+[0m[0m name        = "new-darey-app"
      [32m+[0m[0m repo_digest = (known after apply)

      [32m+[0m[0m build {
          [32m+[0m[0m cache_from     = []
          [32m+[0m[0m context        = "C:/Users/disti/Documents/Workspaces/dynamic-app-tf"
          [32m+[0m[0m dockerfile     = "Dockerfile"
          [32m+[0m[0m extra_hosts    = []
          [32m+[0m[0m remove         = true
          [32m+[0m[0m security_opt   = []
          [32m+[0m[0m tag            = []
            [90m# (11 unchanged attributes hidden)[0m[0m
        }
    }

[1m  # module.ecr.docker_registry_image.new-darey-app[0m will be created
[0m  [32m+[0m[0m resource "docker_registry_image" "new-darey-app" {
      [32m+[0m[0m id                   = (known after apply)
      [32m+[0m[0m insecure_skip_verify = false
      [32m+[0m[0m keep_remotely        = true
      [32m+[0m[0m name                 = "new-darey-app"
      [32m+[0m[0m sha256_digest        = (known after apply)
    }

[1mPlan:[0m 2 to add, 0 to change, 0 to destroy.
[0m[0m[1mmodule.ecr.docker_image.image: Creating...[0m[0m
[0m[1mmodule.ecr.docker_image.image: Still creating... [10s elapsed][0m[0m
[0m[1mmodule.ecr.docker_image.image: Still creating... [20s elapsed][0m[0m
[0m[1mmodule.ecr.docker_image.image: Still creating... [30s elapsed][0m[0m
[0m[1mmodule.ecr.docker_image.image: Still creating... [40s elapsed][0m[0m
[31m╷[0m[0m
[31m│[0m [0m[1m[31mError: [0m[0m[1mfailed to read dockerfile: unexpected EOF
[31m│[0m [0m
[31m│[0m [0m[0m
[31m│[0m [0m
[31m│[0m [0m[0m  with module.ecr.docker_image.image,
[31m│[0m [0m  on modules\ecr\main.tf line 47, in resource "docker_image" "image":
[31m│[0m [0m  47: resource "docker_image" "image" [4m{[0m[0m
[31m│[0m [0m
[31m╵[0m[0m
